<?xml version="1.0" encoding="UTF-8" standalone="yes" ?>
<CodeBlocks_project_file>
	<FileVersion major="1" minor="6" />
	<Project>
		<Option title="SDLGame-TFG" />
		<Option pch_mode="2" />
		<Option compiler="gcc" />
		<Build>
			<Target title="Debug">
				<Option output="bin/Debug/SDLGame-TFG" prefix_auto="1" extension_auto="1" />
				<Option object_output="obj/Debug/" />
				<Option type="1" />
				<Option compiler="gcc" />
				<Compiler>
					<Add option="-g" />
					<Add directory="GraphicEngine" />
					<Add directory="VideoGame" />
				</Compiler>
			</Target>
			<Target title="Release">
				<Option output="bin/Release/SDLGame-TFG" prefix_auto="1" extension_auto="1" />
				<Option object_output="obj/Release/" />
				<Option type="1" />
				<Option compiler="gcc" />
				<Compiler>
					<Add option="-O2" />
					<Add directory="GraphicEngine" />
					<Add directory="VideoGame" />
				</Compiler>
				<Linker>
					<Add option="-s" />
				</Linker>
			</Target>
		</Build>
		<Compiler>
			<Add option="-Wall" />
			<Add directory="lib/sdl2/include/SDL2" />
			<Add directory="lib/SDL2_mixer-2.0.1/i686-w64-mingw32/include/SDL2" />
			<Add directory="lib/glew-1.10.0/include/GL" />
			<Add directory="lib/SDL2_ttf-2.0.14/i686-w64-mingw32/include/SDL2" />
		</Compiler>
		<Linker>
			<Add option="-lmingw32 -lSDL2main -lSDL2 -lopengl32 -lglu32 -lglew32 -lglew32mx -lSDL2_mixer -lSDL2_ttf" />
			<Add directory="lib/sdl2/lib" />
			<Add directory="lib/glew-1.10.0/lib" />
			<Add directory="lib/SDL2_mixer-2.0.1/i686-w64-mingw32/lib" />
			<Add directory="lib/SDL2_ttf-2.0.14/i686-w64-mingw32/lib" />
		</Linker>
		<Unit filename="GraphicEngine/acceleratedmovement.cpp" />
		<Unit filename="GraphicEngine/acceleratedmovement.h" />
		<Unit filename="GraphicEngine/axisrotation.cpp" />
		<Unit filename="GraphicEngine/axisrotation.h" />
		<Unit filename="GraphicEngine/camera.cpp" />
		<Unit filename="GraphicEngine/camera.h" />
		<Unit filename="GraphicEngine/context.cpp" />
		<Unit filename="GraphicEngine/context.h" />
		<Unit filename="GraphicEngine/file_obj.cpp" />
		<Unit filename="GraphicEngine/file_obj.h" />
		<Unit filename="GraphicEngine/ianpc.cpp" />
		<Unit filename="GraphicEngine/ianpc.h" />
		<Unit filename="GraphicEngine/light.cpp" />
		<Unit filename="GraphicEngine/light.h" />
		<Unit filename="GraphicEngine/linearmovement.cpp" />
		<Unit filename="GraphicEngine/linearmovement.h" />
		<Unit filename="GraphicEngine/material.cpp" />
		<Unit filename="GraphicEngine/material.h" />
		<Unit filename="GraphicEngine/materialstack.cpp" />
		<Unit filename="GraphicEngine/materialstack.h" />
		<Unit filename="GraphicEngine/matrix4f.cpp" />
		<Unit filename="GraphicEngine/matrix4f.h" />
		<Unit filename="GraphicEngine/matrix4fdynamic.cpp" />
		<Unit filename="GraphicEngine/matrix4fdynamic.h" />
		<Unit filename="GraphicEngine/matrixscript.cpp" />
		<Unit filename="GraphicEngine/matrixscript.h" />
		<Unit filename="GraphicEngine/matrixscriptloop.cpp" />
		<Unit filename="GraphicEngine/matrixscriptloop.h" />
		<Unit filename="GraphicEngine/matrixstack.cpp" />
		<Unit filename="GraphicEngine/matrixstack.h" />
		<Unit filename="GraphicEngine/matrixstatic.cpp" />
		<Unit filename="GraphicEngine/matrixstatic.h" />
		<Unit filename="GraphicEngine/mesh.cpp" />
		<Unit filename="GraphicEngine/mesh.h" />
		<Unit filename="GraphicEngine/nodescenegraph.cpp" />
		<Unit filename="GraphicEngine/nodescenegraph.h" />
		<Unit filename="GraphicEngine/object3d.cpp" />
		<Unit filename="GraphicEngine/object3d.h" />
		<Unit filename="GraphicEngine/objectscene.cpp" />
		<Unit filename="GraphicEngine/objectscene.h" />
		<Unit filename="GraphicEngine/oscillaterotation.cpp" />
		<Unit filename="GraphicEngine/oscillaterotation.h" />
		<Unit filename="GraphicEngine/rootmap.cpp" />
		<Unit filename="GraphicEngine/rootmap.h" />
		<Unit filename="GraphicEngine/scriptanimation.cpp" />
		<Unit filename="GraphicEngine/scriptanimation.h" />
		<Unit filename="GraphicEngine/scriptlmd.cpp" />
		<Unit filename="GraphicEngine/scriptlmd.h" />
		<Unit filename="GraphicEngine/shader.cpp" />
		<Unit filename="GraphicEngine/shader.h" />
		<Unit filename="GraphicEngine/sound.cpp" />
		<Unit filename="GraphicEngine/sound.h" />
		<Unit filename="GraphicEngine/stb_image.c">
			<Option compilerVar="CC" />
		</Unit>
		<Unit filename="GraphicEngine/stb_image.h" />
		<Unit filename="GraphicEngine/structdata.h" />
		<Unit filename="GraphicEngine/text.cpp" />
		<Unit filename="GraphicEngine/text.h" />
		<Unit filename="GraphicEngine/texture.cpp" />
		<Unit filename="GraphicEngine/texture.h" />
		<Unit filename="GraphicEngine/window.cpp" />
		<Unit filename="GraphicEngine/window.h" />
		<Unit filename="VideoGame/avatar.cpp" />
		<Unit filename="VideoGame/avatar.h" />
		<Unit filename="VideoGame/avatarmove.cpp" />
		<Unit filename="VideoGame/avatarmove.h" />
		<Unit filename="VideoGame/game.cpp" />
		<Unit filename="VideoGame/game.h" />
		<Unit filename="VideoGame/hero.cpp" />
		<Unit filename="VideoGame/hero.h" />
		<Unit filename="VideoGame/npc.cpp" />
		<Unit filename="VideoGame/npc.h" />
		<Unit filename="VideoGame/npclist.cpp" />
		<Unit filename="VideoGame/npclist.h" />
		<Unit filename="main.cpp" />
		<Extensions>
			<code_completion />
			<envvars />
			<debugger />
		</Extensions>
	</Project>
</CodeBlocks_project_file>
