<?xml version="1.0" encoding="UTF-8" standalone="yes" ?>
<CodeBlocks_project_file>
	<FileVersion major="1" minor="6" />
	<Project>
		<Option title="SDLGame-TFG" />
		<Option pch_mode="2" />
		<Option compiler="gcc" />
		<Build>
			<Target title="Debug">
				<Option output="bin/Debug/SDLGame-TFG" prefix_auto="1" extension_auto="1" />
				<Option object_output="obj/Debug/" />
				<Option type="1" />
				<Option compiler="gcc" />
				<Compiler>
					<Add option="-g" />
					<Add directory="GraphicEngine" />
					<Add directory="VideoGame" />
				</Compiler>
			</Target>
			<Target title="Release">
				<Option output="bin/Release/SDLGame-TFG" prefix_auto="1" extension_auto="1" />
				<Option object_output="obj/Release/" />
				<Option type="1" />
				<Option compiler="gcc" />
				<Compiler>
					<Add option="-O2" />
					<Add directory="GraphicEngine" />
					<Add directory="VideoGame" />
				</Compiler>
				<Linker>
					<Add option="-s" />
				</Linker>
			</Target>
		</Build>
		<Compiler>
			<Add option="-Wall" />
			<Add directory="lib/sdl2/include/" />
			<Add directory="lib/glew-1.10.0/include/" />
		</Compiler>
		<Linker>
			<Add option="-lmingw32 -lSDL2main -lSDL2 -lopengl32 -lglu32 -lglew32 -lglew32mx -lSDL2_mixer -lSDL2_ttf" />
			<Add directory="lib/sdl2/lib" />
			<Add directory="lib/glew-1.10.0/lib" />
		</Linker>
		<Unit filename="GraphicEngine/animation/animationlist.cpp" />
		<Unit filename="GraphicEngine/animation/animationlist.h" />
		<Unit filename="GraphicEngine/animation/scriptanimation.cpp" />
		<Unit filename="GraphicEngine/animation/scriptanimation.h" />
		<Unit filename="GraphicEngine/animation/scriptlmd.cpp" />
		<Unit filename="GraphicEngine/animation/scriptlmd.h" />
		<Unit filename="GraphicEngine/camera.cpp" />
		<Unit filename="GraphicEngine/camera.h" />
		<Unit filename="GraphicEngine/collection/collection.cpp" />
		<Unit filename="GraphicEngine/collection/collection.h" />
		<Unit filename="GraphicEngine/collection/materialcollection.cpp" />
		<Unit filename="GraphicEngine/collection/materialcollection.h" />
		<Unit filename="GraphicEngine/collection/meshcollection.cpp" />
		<Unit filename="GraphicEngine/collection/meshcollection.h" />
		<Unit filename="GraphicEngine/collection/soundcollection.cpp" />
		<Unit filename="GraphicEngine/collection/soundcollection.h" />
		<Unit filename="GraphicEngine/context/context.cpp" />
		<Unit filename="GraphicEngine/context/context.h" />
		<Unit filename="GraphicEngine/context/materialstack.cpp" />
		<Unit filename="GraphicEngine/context/materialstack.h" />
		<Unit filename="GraphicEngine/context/matrixstack.cpp" />
		<Unit filename="GraphicEngine/context/matrixstack.h" />
		<Unit filename="GraphicEngine/context/shader.cpp" />
		<Unit filename="GraphicEngine/context/shader.h" />
		<Unit filename="GraphicEngine/controller/controller.cpp" />
		<Unit filename="GraphicEngine/controller/controller.h" />
		<Unit filename="GraphicEngine/controller/controllermanager.cpp" />
		<Unit filename="GraphicEngine/controller/controllermanager.h" />
		<Unit filename="GraphicEngine/controller/gamepadcontroller.cpp" />
		<Unit filename="GraphicEngine/controller/gamepadcontroller.h" />
		<Unit filename="GraphicEngine/controller/keyboardcontroller.cpp" />
		<Unit filename="GraphicEngine/controller/keyboardcontroller.h" />
		<Unit filename="GraphicEngine/decorationobject.cpp" />
		<Unit filename="GraphicEngine/decorationobject.h" />
		<Unit filename="GraphicEngine/endmapregion.cpp" />
		<Unit filename="GraphicEngine/endmapregion.h" />
		<Unit filename="GraphicEngine/gamestate.cpp" />
		<Unit filename="GraphicEngine/gamestate.h" />
		<Unit filename="GraphicEngine/herostate.cpp" />
		<Unit filename="GraphicEngine/herostate.h" />
		<Unit filename="GraphicEngine/ia/iaenemy.cpp" />
		<Unit filename="GraphicEngine/ia/iaenemy.h" />
		<Unit filename="GraphicEngine/ia/iameleeenemy.cpp" />
		<Unit filename="GraphicEngine/ia/iameleeenemy.h" />
		<Unit filename="GraphicEngine/ia/ianpc.cpp" />
		<Unit filename="GraphicEngine/ia/ianpc.h" />
		<Unit filename="GraphicEngine/ia/iarangedenemy.cpp" />
		<Unit filename="GraphicEngine/ia/iarangedenemy.h" />
		<Unit filename="GraphicEngine/icon.c">
			<Option compilerVar="CC" />
		</Unit>
		<Unit filename="GraphicEngine/light/directionallight.cpp" />
		<Unit filename="GraphicEngine/light/directionallight.h" />
		<Unit filename="GraphicEngine/light/light.cpp" />
		<Unit filename="GraphicEngine/light/light.h" />
		<Unit filename="GraphicEngine/light/pointlight.cpp" />
		<Unit filename="GraphicEngine/light/pointlight.h" />
		<Unit filename="GraphicEngine/loaderthread.cpp" />
		<Unit filename="GraphicEngine/loaderthread.h" />
		<Unit filename="GraphicEngine/material/material.cpp" />
		<Unit filename="GraphicEngine/material/material.h" />
		<Unit filename="GraphicEngine/material/stb_image.c">
			<Option compilerVar="CC" />
		</Unit>
		<Unit filename="GraphicEngine/material/stb_image.h" />
		<Unit filename="GraphicEngine/material/texture.cpp" />
		<Unit filename="GraphicEngine/material/texture.h" />
		<Unit filename="GraphicEngine/matrix/acceleratedmovement.cpp" />
		<Unit filename="GraphicEngine/matrix/acceleratedmovement.h" />
		<Unit filename="GraphicEngine/matrix/axisrotation.cpp" />
		<Unit filename="GraphicEngine/matrix/axisrotation.h" />
		<Unit filename="GraphicEngine/matrix/linearmovement.cpp" />
		<Unit filename="GraphicEngine/matrix/linearmovement.h" />
		<Unit filename="GraphicEngine/matrix/matrix4f.cpp" />
		<Unit filename="GraphicEngine/matrix/matrix4f.h" />
		<Unit filename="GraphicEngine/matrix/matrix4fdynamic.cpp" />
		<Unit filename="GraphicEngine/matrix/matrix4fdynamic.h" />
		<Unit filename="GraphicEngine/matrix/matrixscript.cpp" />
		<Unit filename="GraphicEngine/matrix/matrixscript.h" />
		<Unit filename="GraphicEngine/matrix/matrixstatic.cpp" />
		<Unit filename="GraphicEngine/matrix/matrixstatic.h" />
		<Unit filename="GraphicEngine/matrix/oscillaterotation.cpp" />
		<Unit filename="GraphicEngine/matrix/oscillaterotation.h" />
		<Unit filename="GraphicEngine/matrix/structdata.h" />
		<Unit filename="GraphicEngine/menu/controlmenu.cpp" />
		<Unit filename="GraphicEngine/menu/controlmenu.h" />
		<Unit filename="GraphicEngine/menu/creditscreen.cpp" />
		<Unit filename="GraphicEngine/menu/creditscreen.h" />
		<Unit filename="GraphicEngine/menu/deadmenu.cpp" />
		<Unit filename="GraphicEngine/menu/deadmenu.h" />
		<Unit filename="GraphicEngine/menu/loadingscreen.cpp" />
		<Unit filename="GraphicEngine/menu/loadingscreen.h" />
		<Unit filename="GraphicEngine/menu/mainmenu.cpp" />
		<Unit filename="GraphicEngine/menu/mainmenu.h" />
		<Unit filename="GraphicEngine/menu/menu.cpp" />
		<Unit filename="GraphicEngine/menu/menu.h" />
		<Unit filename="GraphicEngine/menu/moviescreen.cpp" />
		<Unit filename="GraphicEngine/menu/moviescreen.h" />
		<Unit filename="GraphicEngine/menu/optionmenu.cpp" />
		<Unit filename="GraphicEngine/menu/optionmenu.h" />
		<Unit filename="GraphicEngine/menu/pausemenu.cpp" />
		<Unit filename="GraphicEngine/menu/pausemenu.h" />
		<Unit filename="GraphicEngine/mesh/file_obj.cpp" />
		<Unit filename="GraphicEngine/mesh/file_obj.h" />
		<Unit filename="GraphicEngine/mesh/mesh.cpp" />
		<Unit filename="GraphicEngine/mesh/mesh.h" />
		<Unit filename="GraphicEngine/mesh/objectgroup.cpp" />
		<Unit filename="GraphicEngine/mesh/objectgroup.h" />
		<Unit filename="GraphicEngine/nodescenegraph.cpp" />
		<Unit filename="GraphicEngine/nodescenegraph.h" />
		<Unit filename="GraphicEngine/notification.cpp" />
		<Unit filename="GraphicEngine/notification.h" />
		<Unit filename="GraphicEngine/object3d.cpp" />
		<Unit filename="GraphicEngine/object3d.h" />
		<Unit filename="GraphicEngine/objectscene.cpp" />
		<Unit filename="GraphicEngine/objectscene.h" />
		<Unit filename="GraphicEngine/optionmanager.cpp" />
		<Unit filename="GraphicEngine/optionmanager.h" />
		<Unit filename="GraphicEngine/particle.cpp" />
		<Unit filename="GraphicEngine/particle.h" />
		<Unit filename="GraphicEngine/particlesystem.cpp" />
		<Unit filename="GraphicEngine/particlesystem.h" />
		<Unit filename="GraphicEngine/profile.cpp" />
		<Unit filename="GraphicEngine/profile.h" />
		<Unit filename="GraphicEngine/region.cpp" />
		<Unit filename="GraphicEngine/region.h" />
		<Unit filename="GraphicEngine/rootmap.cpp" />
		<Unit filename="GraphicEngine/rootmap.h" />
		<Unit filename="GraphicEngine/savedmanager.cpp" />
		<Unit filename="GraphicEngine/savedmanager.h" />
		<Unit filename="GraphicEngine/shadowmanager.cpp" />
		<Unit filename="GraphicEngine/shadowmanager.h" />
		<Unit filename="GraphicEngine/shadowtexture.cpp" />
		<Unit filename="GraphicEngine/shadowtexture.h" />
		<Unit filename="GraphicEngine/sound/effect.cpp" />
		<Unit filename="GraphicEngine/sound/effect.h" />
		<Unit filename="GraphicEngine/sound/music.cpp" />
		<Unit filename="GraphicEngine/sound/music.h" />
		<Unit filename="GraphicEngine/sound/sound.cpp" />
		<Unit filename="GraphicEngine/sound/sound.h" />
		<Unit filename="GraphicEngine/text.cpp" />
		<Unit filename="GraphicEngine/text.h" />
		<Unit filename="GraphicEngine/textregion.cpp" />
		<Unit filename="GraphicEngine/textregion.h" />
		<Unit filename="GraphicEngine/voxel.cpp" />
		<Unit filename="GraphicEngine/voxel.h" />
		<Unit filename="GraphicEngine/voxelgroup.cpp" />
		<Unit filename="GraphicEngine/voxelgroup.h" />
		<Unit filename="GraphicEngine/window.cpp" />
		<Unit filename="GraphicEngine/window.h" />
		<Unit filename="VideoGame/avatar/avatar.cpp" />
		<Unit filename="VideoGame/avatar/avatar.h" />
		<Unit filename="VideoGame/avatar/avatarmove.cpp" />
		<Unit filename="VideoGame/avatar/avatarmove.h" />
		<Unit filename="VideoGame/avatar/enemy.cpp" />
		<Unit filename="VideoGame/avatar/enemy.h" />
		<Unit filename="VideoGame/avatar/hero.cpp" />
		<Unit filename="VideoGame/avatar/hero.h" />
		<Unit filename="VideoGame/avatar/mate.cpp" />
		<Unit filename="VideoGame/avatar/mate.h" />
		<Unit filename="VideoGame/avatar/meleeenemy.cpp" />
		<Unit filename="VideoGame/avatar/meleeenemy.h" />
		<Unit filename="VideoGame/avatar/npc.cpp" />
		<Unit filename="VideoGame/avatar/npc.h" />
		<Unit filename="VideoGame/avatar/rangedenemy.cpp" />
		<Unit filename="VideoGame/avatar/rangedenemy.h" />
		<Unit filename="VideoGame/door.cpp" />
		<Unit filename="VideoGame/door.h" />
		<Unit filename="VideoGame/enemylist.cpp" />
		<Unit filename="VideoGame/enemylist.h" />
		<Unit filename="VideoGame/game.cpp" />
		<Unit filename="VideoGame/game.h" />
		<Unit filename="VideoGame/item.cpp" />
		<Unit filename="VideoGame/item.h" />
		<Unit filename="VideoGame/itemlist.cpp" />
		<Unit filename="VideoGame/itemlist.h" />
		<Unit filename="VideoGame/projectile.cpp" />
		<Unit filename="VideoGame/projectile.h" />
		<Unit filename="VideoGame/projectilesystem.cpp" />
		<Unit filename="VideoGame/projectilesystem.h" />
		<Unit filename="VideoGame/soul.cpp" />
		<Unit filename="VideoGame/soul.h" />
		<Unit filename="VideoGame/soulcarrier.cpp" />
		<Unit filename="VideoGame/soulcarrier.h" />
		<Unit filename="VideoGame/spiketrap.cpp" />
		<Unit filename="VideoGame/spiketrap.h" />
		<Unit filename="VideoGame/weapon.cpp" />
		<Unit filename="VideoGame/weapon.h" />
		<Unit filename="main.cpp" />
		<Extensions>
			<code_completion />
			<envvars />
			<debugger />
		</Extensions>
	</Project>
</CodeBlocks_project_file>
